
Microsoft Visual Studio Solution File, Format Version 12.00
# Visual Studio Version 17
VisualStudioVersion = 17.6.33815.320
MinimumVisualStudioVersion = 10.0.40219.1
Project("{FAE04EC0-301F-11D3-BF4B-00C04F79EFBC}") = "AmortizationScheduleCalculator", "AmortizationScheduleCalculator\AmortizationScheduleCalculator.csproj", "{CEA6B31E-95AC-47AD-B708-0F6115CB2E39}"
EndProject
Global
	GlobalSection(SolutionConfigurationPlatforms) = preSolution
		Debug|Any CPU = Debug|Any CPU
		Release|Any CPU = Release|Any CPU
	EndGlobalSection
	GlobalSection(ProjectConfigurationPlatforms) = postSolution
		{CEA6B31E-95AC-47AD-B708-0F6115CB2E39}.Debug|Any CPU.ActiveCfg = Debug|Any CPU
		{CEA6B31E-95AC-47AD-B708-0F6115CB2E39}.Debug|Any CPU.Build.0 = Debug|Any CPU
		{CEA6B31E-95AC-47AD-B708-0F6115CB2E39}.Release|Any CPU.ActiveCfg = Release|Any CPU
		{CEA6B31E-95AC-47AD-B708-0F6115CB2E39}.Release|Any CPU.Build.0 = Release|Any CPU
	EndGlobalSection
	GlobalSection(SolutionProperties) = preSolution
		HideSolutionNode = FALSE
	EndGlobalSection
	GlobalSection(ExtensibilityGlobals) = postSolution
		SolutionGuid = {13BE6457-C6AE-4368-9B84-98F1479B04EC}
	EndGlobalSection
EndGlobal
